// !$*UTF8*$!
{
	archiveVersion = 1;
	classes = {
	};
	objectVersion = 55;
	objects = {

/* Begin PBXBuildFile section */
		2D325F5B285755AD002A08E6 /* SmartHomeCodeAlongApp.swift in Sources */ = {isa = PBXBuildFile; fileRef = 2D325F5A285755AD002A08E6 /* SmartHomeCodeAlongApp.swift */; };
		2D325F5D285755AD002A08E6 /* ContentView.swift in Sources */ = {isa = PBXBuildFile; fileRef = 2D325F5C285755AD002A08E6 /* ContentView.swift */; };
		2D325F5F285755AF002A08E6 /* Assets.xcassets in Resources */ = {isa = PBXBuildFile; fileRef = 2D325F5E285755AF002A08E6 /* Assets.xcassets */; };
		2D325F62285755AF002A08E6 /* Preview Assets.xcassets in Resources */ = {isa = PBXBuildFile; fileRef = 2D325F61285755AF002A08E6 /* Preview Assets.xcassets */; };
		2D325F6C285755AF002A08E6 /* SmartHomeCodeAlongTests.swift in Sources */ = {isa = PBXBuildFile; fileRef = 2D325F6B285755AF002A08E6 /* SmartHomeCodeAlongTests.swift */; };
		2D325F76285755AF002A08E6 /* SmartHomeCodeAlongUITests.swift in Sources */ = {isa = PBXBuildFile; fileRef = 2D325F75285755AF002A08E6 /* SmartHomeCodeAlongUITests.swift */; };
		2D325F78285755AF002A08E6 /* SmartHomeCodeAlongUITestsLaunchTests.swift in Sources */ = {isa = PBXBuildFile; fileRef = 2D325F77285755AF002A08E6 /* SmartHomeCodeAlongUITestsLaunchTests.swift */; };
/* End PBXBuildFile section */

/* Begin PBXContainerItemProxy section */
		2D325F68285755AF002A08E6 /* PBXContainerItemProxy */ = {
			isa = PBXContainerItemProxy;
			containerPortal = 2D325F4F285755AD002A08E6 /* Project object */;
			proxyType = 1;
			remoteGlobalIDString = 2D325F56285755AD002A08E6;
			remoteInfo = SmartHomeCodeAlong;
		};
		2D325F72285755AF002A08E6 /* PBXContainerItemProxy */ = {
			isa = PBXContainerItemProxy;
			containerPortal = 2D325F4F285755AD002A08E6 /* Project object */;
			proxyType = 1;
			remoteGlobalIDString = 2D325F56285755AD002A08E6;
			remoteInfo = SmartHomeCodeAlong;
		};
/* End PBXContainerItemProxy section */

/* Begin PBXFileReference section */
		2D325F57285755AD002A08E6 /* SmartHomeCodeAlong.app */ = {isa = PBXFileReference; explicitFileType = wrapper.application; includeInIndex = 0; path = SmartHomeCodeAlong.app; sourceTree = BUILT_PRODUCTS_DIR; };
		2D325F5A285755AD002A08E6 /* SmartHomeCodeAlongApp.swift */ = {isa = PBXFileReference; lastKnownFileType = sourcecode.swift; path = SmartHomeCodeAlongApp.swift; sourceTree = "<group>"; };
		2D325F5C285755AD002A08E6 /* ContentView.swift */ = {isa = PBXFileReference; lastKnownFileType = sourcecode.swift; path = ContentView.swift; sourceTree = "<group>"; };
		2D325F5E285755AF002A08E6 /* Assets.xcassets */ = {isa = PBXFileReference; lastKnownFileType = folder.assetcatalog; path = Assets.xcassets; sourceTree = "<group>"; };
		2D325F61285755AF002A08E6 /* Preview Assets.xcassets */ = {isa = PBXFileReference; lastKnownFileType = folder.assetcatalog; path = "Preview Assets.xcassets"; sourceTree = "<group>"; };
		2D325F67285755AF002A08E6 /* SmartHomeCodeAlongTests.xctest */ = {isa = PBXFileReference; explicitFileType = wrapper.cfbundle; includeInIndex = 0; path = SmartHomeCodeAlongTests.xctest; sourceTree = BUILT_PRODUCTS_DIR; };
		2D325F6B285755AF002A08E6 /* SmartHomeCodeAlongTests.swift */ = {isa = PBXFileReference; lastKnownFileType = sourcecode.swift; path = SmartHomeCodeAlongTests.swift; sourceTree = "<group>"; };
		2D325F71285755AF002A08E6 /* SmartHomeCodeAlongUITests.xctest */ = {isa = PBXFileReference; explicitFileType = wrapper.cfbundle; includeInIndex = 0; path = SmartHomeCodeAlongUITests.xctest; sourceTree = BUILT_PRODUCTS_DIR; };
		2D325F75285755AF002A08E6 /* SmartHomeCodeAlongUITests.swift */ = {isa = PBXFileReference; lastKnownFileType = sourcecode.swift; path = SmartHomeCodeAlongUITests.swift; sourceTree = "<group>"; };
		2D325F77285755AF002A08E6 /* SmartHomeCodeAlongUITestsLaunchTests.swift */ = {isa = PBXFileReference; lastKnownFileType = sourcecode.swift; path = SmartHomeCodeAlongUITestsLaunchTests.swift; sourceTree = "<group>"; };
/* End PBXFileReference section */

/* Begin PBXFrameworksBuildPhase section */
		2D325F54285755AD002A08E6 /* Frameworks */ = {
			isa = PBXFrameworksBuildPhase;
			buildActionMask = 2147483647;
			files = (
			);
			runOnlyForDeploymentPostprocessing = 0;
		};
		2D325F64285755AF002A08E6 /* Frameworks */ = {
			isa = PBXFrameworksBuildPhase;
			buildActionMask = 2147483647;
			files = (
			);
			runOnlyForDeploymentPostprocessing = 0;
		};
		2D325F6E285755AF002A08E6 /* Frameworks */ = {
			isa = PBXFrameworksBuildPhase;
			buildActionMask = 2147483647;
			files = (
			);
			runOnlyForDeploymentPostprocessing = 0;
		};
/* End PBXFrameworksBuildPhase section */

/* Begin PBXGroup section */
		2D325F4E285755AD002A08E6 = {
			isa = PBXGroup;
			children = (
				2D325F59285755AD002A08E6 /* SmartHomeCodeAlong */,
				2D325F6A285755AF002A08E6 /* SmartHomeCodeAlongTests */,
				2D325F74285755AF002A08E6 /* SmartHomeCodeAlongUITests */,
				2D325F58285755AD002A08E6 /* Products */,
			);
			sourceTree = "<group>";
		};
		2D325F58285755AD002A08E6 /* Products */ = {
			isa = PBXGroup;
			children = (
				2D325F57285755AD002A08E6 /* SmartHomeCodeAlong.app */,
				2D325F67285755AF002A08E6 /* SmartHomeCodeAlongTests.xctest */,
				2D325F71285755AF002A08E6 /* SmartHomeCodeAlongUITests.xctest */,
			);
			name = Products;
			sourceTree = "<group>";
		};
		2D325F59285755AD002A08E6 /* SmartHomeCodeAlong */ = {
			isa = PBXGroup;
			children = (
				2D325F5A285755AD002A08E6 /* SmartHomeCodeAlongApp.swift */,
				2D325F5C285755AD002A08E6 /* ContentView.swift */,
				2D325F5E285755AF002A08E6 /* Assets.xcassets */,
				2D325F60285755AF002A08E6 /* Preview Content */,
			);
			path = SmartHomeCodeAlong;
			sourceTree = "<group>";
		};
		2D325F60285755AF002A08E6 /* Preview Content */ = {
			isa = PBXGroup;
			children = (
				2D325F61285755AF002A08E6 /* Preview Assets.xcassets */,
			);
			path = "Preview Content";
			sourceTree = "<group>";
		};
		2D325F6A285755AF002A08E6 /* SmartHomeCodeAlongTests */ = {
			isa = PBXGroup;
			children = (
				2D325F6B285755AF002A08E6 /* SmartHomeCodeAlongTests.swift */,
			);
			path = SmartHomeCodeAlongTests;
			sourceTree = "<group>";
		};
		2D325F74285755AF002A08E6 /* SmartHomeCodeAlongUITests */ = {
			isa = PBXGroup;
			children = (
				2D325F75285755AF002A08E6 /* SmartHomeCodeAlongUITests.swift */,
				2D325F77285755AF002A08E6 /* SmartHomeCodeAlongUITestsLaunchTests.swift */,
			);
			path = SmartHomeCodeAlongUITests;
			sourceTree = "<group>";
		};
/* End PBXGroup section */

/* Begin PBXNativeTarget section */
		2D325F56285755AD002A08E6 /* SmartHomeCodeAlong */ = {
			isa = PBXNativeTarget;
			buildConfigurationList = 2D325F7B285755AF002A08E6 /* Build configuration list for PBXNativeTarget "SmartHomeCodeAlong" */;
			buildPhases = (
				2D325F53285755AD002A08E6 /* Sources */,
				2D325F54285755AD002A08E6 /* Frameworks */,
				2D325F55285755AD002A08E6 /* Resources */,
			);
			buildRules = (
			);
			dependencies = (
			);
			name = SmartHomeCodeAlong;
			productName = SmartHomeCodeAlong;
			productReference = 2D325F57285755AD002A08E6 /* SmartHomeCodeAlong.app */;
			productType = "com.apple.product-type.application";
		};
		2D325F66285755AF002A08E6 /* SmartHomeCodeAlongTests */ = {
			isa = PBXNativeTarget;
			buildConfigurationList = 2D325F7E285755AF002A08E6 /* Build configuration list for PBXNativeTarget "SmartHomeCodeAlongTests" */;
			buildPhases = (
				2D325F63285755AF002A08E6 /* Sources */,
				2D325F64285755AF002A08E6 /* Frameworks */,
				2D325F65285755AF002A08E6 /* Resources */,
			);
			buildRules = (
			);
			dependencies = (
				2D325F69285755AF002A08E6 /* PBXTargetDependency */,
			);
			name = SmartHomeCodeAlongTests;
			productName = SmartHomeCodeAlongTests;
			productReference = 2D325F67285755AF002A08E6 /* SmartHomeCodeAlongTests.xctest */;
			productType = "com.apple.product-type.bundle.unit-test";
		};
		2D325F70285755AF002A08E6 /* SmartHomeCodeAlongUITests */ = {
			isa = PBXNativeTarget;
			buildConfigurationList = 2D325F81285755AF002A08E6 /* Build configuration list for PBXNativeTarget "SmartHomeCodeAlongUITests" */;
			buildPhases = (
				2D325F6D285755AF002A08E6 /* Sources */,
				2D325F6E285755AF002A08E6 /* Frameworks */,
				2D325F6F285755AF002A08E6 /* Resources */,
			);
			buildRules = (
			);
			dependencies = (
				2D325F73285755AF002A08E6 /* PBXTargetDependency */,
			);
			name = SmartHomeCodeAlongUITests;
			productName = SmartHomeCodeAlongUITests;
			productReference = 2D325F71285755AF002A08E6 /* SmartHomeCodeAlongUITests.xctest */;
			productType = "com.apple.product-type.bundle.ui-testing";
		};
/* End PBXNativeTarget section */

/* Begin PBXProject section */
		2D325F4F285755AD002A08E6 /* Project object */ = {
			isa = PBXProject;
			attributes = {
				BuildIndependentTargetsInParallel = 1;
				LastSwiftUpdateCheck = 1340;
				LastUpgradeCheck = 1340;
				TargetAttributes = {
					2D325F56285755AD002A08E6 = {
						CreatedOnToolsVersion = 13.4.1;
					};
					2D325F66285755AF002A08E6 = {
						CreatedOnToolsVersion = 13.4.1;
						TestTargetID = 2D325F56285755AD002A08E6;
					};
					2D325F70285755AF002A08E6 = {
						CreatedOnToolsVersion = 13.4.1;
						TestTargetID = 2D325F56285755AD002A08E6;
					};
				};
			};
			buildConfigurationList = 2D325F52285755AD002A08E6 /* Build configuration list for PBXProject "SmartHomeCodeAlong" */;
			compatibilityVersion = "Xcode 13.0";
			developmentRegion = en;
			hasScannedForEncodings = 0;
			knownRegions = (
				en,
				Base,
			);
			mainGroup = 2D325F4E285755AD002A08E6;
			productRefGroup = 2D325F58285755AD002A08E6 /* Products */;
			projectDirPath = "";
			projectRoot = "";
			targets = (
				2D325F56285755AD002A08E6 /* SmartHomeCodeAlong */,
				2D325F66285755AF002A08E6 /* SmartHomeCodeAlongTests */,
				2D325F70285755AF002A08E6 /* SmartHomeCodeAlongUITests */,
			);
		};
/* End PBXProject section */

/* Begin PBXResourcesBuildPhase section */
		2D325F55285755AD002A08E6 /* Resources */ = {
			isa = PBXResourcesBuildPhase;
			buildActionMask = 2147483647;
			files = (
				2D325F62285755AF002A08E6 /* Preview Assets.xcassets in Resources */,
				2D325F5F285755AF002A08E6 /* Assets.xcassets in Resources */,
			);
			runOnlyForDeploymentPostprocessing = 0;
		};
		2D325F65285755AF002A08E6 /* Resources */ = {
			isa = PBXResourcesBuildPhase;
			buildActionMask = 2147483647;
			files = (
			);
			runOnlyForDeploymentPostprocessing = 0;
		};
		2D325F6F285755AF002A08E6 /* Resources */ = {
			isa = PBXResourcesBuildPhase;
			buildActionMask = 2147483647;
			files = (
			);
			runOnlyForDeploymentPostprocessing = 0;
		};
/* End PBXResourcesBuildPhase section */

/* Begin PBXSourcesBuildPhase section */
		2D325F53285755AD002A08E6 /* Sources */ = {
			isa = PBXSourcesBuildPhase;
			buildActionMask = 2147483647;
			files = (
				2D325F5D285755AD002A08E6 /* ContentView.swift in Sources */,
				2D325F5B285755AD002A08E6 /* SmartHomeCodeAlongApp.swift in Sources */,
			);
			runOnlyForDeploymentPostprocessing = 0;
		};
		2D325F63285755AF002A08E6 /* Sources */ = {
			isa = PBXSourcesBuildPhase;
			buildActionMask = 2147483647;
			files = (
				2D325F6C285755AF002A08E6 /* SmartHomeCodeAlongTests.swift in Sources */,
			);
			runOnlyForDeploymentPostprocessing = 0;
		};
		2D325F6D285755AF002A08E6 /* Sources */ = {
			isa = PBXSourcesBuildPhase;
			buildActionMask = 2147483647;
			files = (
				2D325F78285755AF002A08E6 /* SmartHomeCodeAlongUITestsLaunchTests.swift in Sources */,
				2D325F76285755AF002A08E6 /* SmartHomeCodeAlongUITests.swift in Sources */,
			);
			runOnlyForDeploymentPostprocessing = 0;
		};
/* End PBXSourcesBuildPhase section */

/* Begin PBXTargetDependency section */
		2D325F69285755AF002A08E6 /* PBXTargetDependency */ = {
			isa = PBXTargetDependency;
			target = 2D325F56285755AD002A08E6 /* SmartHomeCodeAlong */;
			targetProxy = 2D325F68285755AF002A08E6 /* PBXContainerItemProxy */;
		};
		2D325F73285755AF002A08E6 /* PBXTargetDependency */ = {
			isa = PBXTargetDependency;
			target = 2D325F56285755AD002A08E6 /* SmartHomeCodeAlong */;
			targetProxy = 2D325F72285755AF002A08E6 /* PBXContainerItemProxy */;
		};
/* End PBXTargetDependency section */

/* Begin XCBuildConfiguration section */
		2D325F79285755AF002A08E6 /* Debug */ = {
			isa = XCBuildConfiguration;
			buildSettings = {
				ALWAYS_SEARCH_USER_PATHS = NO;
				CLANG_ANALYZER_NONNULL = YES;
				CLANG_ANALYZER_NUMBER_OBJECT_CONVERSION = YES_AGGRESSIVE;
				CLANG_CXX_LANGUAGE_STANDARD = "gnu++17";
				CLANG_ENABLE_MODULES = YES;
				CLANG_ENABLE_OBJC_ARC = YES;
				CLANG_ENABLE_OBJC_WEAK = YES;
				CLANG_WARN_BLOCK_CAPTURE_AUTORELEASING = YES;
				CLANG_WARN_BOOL_CONVERSION = YES;
				CLANG_WARN_COMMA = YES;
				CLANG_WARN_CONSTANT_CONVERSION = YES;
				CLANG_WARN_DEPRECATED_OBJC_IMPLEMENTATIONS = YES;
				CLANG_WARN_DIRECT_OBJC_ISA_USAGE = YES_ERROR;
				CLANG_WARN_DOCUMENTATION_COMMENTS = YES;
				CLANG_WARN_EMPTY_BODY = YES;
				CLANG_WARN_ENUM_CONVERSION = YES;
				CLANG_WARN_INFINITE_RECURSION = YES;
				CLANG_WARN_INT_CONVERSION = YES;
				CLANG_WARN_NON_LITERAL_NULL_CONVERSION = YES;
				CLANG_WARN_OBJC_IMPLICIT_RETAIN_SELF = YES;
				CLANG_WARN_OBJC_LITERAL_CONVERSION = YES;
				CLANG_WARN_OBJC_ROOT_CLASS = YES_ERROR;
				CLANG_WARN_QUOTED_INCLUDE_IN_FRAMEWORK_HEADER = YES;
				CLANG_WARN_RANGE_LOOP_ANALYSIS = YES;
				CLANG_WARN_STRICT_PROTOTYPES = YES;
				CLANG_WARN_SUSPICIOUS_MOVE = YES;
				CLANG_WARN_UNGUARDED_AVAILABILITY = YES_AGGRESSIVE;
				CLANG_WARN_UNREACHABLE_CODE = YES;
				CLANG_WARN__DUPLICATE_METHOD_MATCH = YES;
				COPY_PHASE_STRIP = NO;
				DEBUG_INFORMATION_FORMAT = dwarf;
				ENABLE_STRICT_OBJC_MSGSEND = YES;
				ENABLE_TESTABILITY = YES;
				GCC_C_LANGUAGE_STANDARD = gnu11;
				GCC_DYNAMIC_NO_PIC = NO;
				GCC_NO_COMMON_BLOCKS = YES;
				GCC_OPTIMIZATION_LEVEL = 0;
				GCC_PREPROCESSOR_DEFINITIONS = (
					"DEBUG=1",
					"$(inherited)",
				);
				GCC_WARN_64_TO_32_BIT_CONVERSION = YES;
				GCC_WARN_ABOUT_RETURN_TYPE = YES_ERROR;
				GCC_WARN_UNDECLARED_SELECTOR = YES;
				GCC_WARN_UNINITIALIZED_AUTOS = YES_AGGRESSIVE;
				GCC_WARN_UNUSED_FUNCTION = YES;
				GCC_WARN_UNUSED_VARIABLE = YES;
				IPHONEOS_DEPLOYMENT_TARGET = 15.5;
				MTL_ENABLE_DEBUG_INFO = INCLUDE_SOURCE;
				MTL_FAST_MATH = YES;
				ONLY_ACTIVE_ARCH = YES;
				SDKROOT = iphoneos;
				SWIFT_ACTIVE_COMPILATION_CONDITIONS = DEBUG;
				SWIFT_OPTIMIZATION_LEVEL = "-Onone";
			};
			name = Debug;
		};
		2D325F7A285755AF002A08E6 /* Release */ = {
			isa = XCBuildConfiguration;
			buildSettings = {
				ALWAYS_SEARCH_USER_PATHS = NO;
				CLANG_ANALYZER_NONNULL = YES;
				CLANG_ANALYZER_NUMBER_OBJECT_CONVERSION = YES_AGGRESSIVE;
				CLANG_CXX_LANGUAGE_STANDARD = "gnu++17";
				CLANG_ENABLE_MODULES = YES;
				CLANG_ENABLE_OBJC_ARC = YES;
				CLANG_ENABLE_OBJC_WEAK = YES;
				CLANG_WARN_BLOCK_CAPTURE_AUTORELEASING = YES;
				CLANG_WARN_BOOL_CONVERSION = YES;
				CLANG_WARN_COMMA = YES;
				CLANG_WARN_CONSTANT_CONVERSION = YES;
				CLANG_WARN_DEPRECATED_OBJC_IMPLEMENTATIONS = YES;
				CLANG_WARN_DIRECT_OBJC_ISA_USAGE = YES_ERROR;
				CLANG_WARN_DOCUMENTATION_COMMENTS = YES;
				CLANG_WARN_EMPTY_BODY = YES;
				CLANG_WARN_ENUM_CONVERSION = YES;
				CLANG_WARN_INFINITE_RECURSION = YES;
				CLANG_WARN_INT_CONVERSION = YES;
				CLANG_WARN_NON_LITERAL_NULL_CONVERSION = YES;
				CLANG_WARN_OBJC_IMPLICIT_RETAIN_SELF = YES;
				CLANG_WARN_OBJC_LITERAL_CONVERSION = YES;
				CLANG_WARN_OBJC_ROOT_CLASS = YES_ERROR;
				CLANG_WARN_QUOTED_INCLUDE_IN_FRAMEWORK_HEADER = YES;
				CLANG_WARN_RANGE_LOOP_ANALYSIS = YES;
				CLANG_WARN_STRICT_PROTOTYPES = YES;
				CLANG_WARN_SUSPICIOUS_MOVE = YES;
				CLANG_WARN_UNGUARDED_AVAILABILITY = YES_AGGRESSIVE;
				CLANG_WARN_UNREACHABLE_CODE = YES;
				CLANG_WARN__DUPLICATE_METHOD_MATCH = YES;
				COPY_PHASE_STRIP = NO;
				DEBUG_INFORMATION_FORMAT = "dwarf-with-dsym";
				ENABLE_NS_ASSERTIONS = NO;
				ENABLE_STRICT_OBJC_MSGSEND = YES;
				GCC_C_LANGUAGE_STANDARD = gnu11;
				GCC_NO_COMMON_BLOCKS = YES;
				GCC_WARN_64_TO_32_BIT_CONVERSION = YES;
				GCC_WARN_ABOUT_RETURN_TYPE = YES_ERROR;
				GCC_WARN_UNDECLARED_SELECTOR = YES;
				GCC_WARN_UNINITIALIZED_AUTOS = YES_AGGRESSIVE;
				GCC_WARN_UNUSED_FUNCTION = YES;
				GCC_WARN_UNUSED_VARIABLE = YES;
				IPHONEOS_DEPLOYMENT_TARGET = 15.5;
				MTL_ENABLE_DEBUG_INFO = NO;
				MTL_FAST_MATH = YES;
				SDKROOT = iphoneos;
				SWIFT_COMPILATION_MODE = wholemodule;
				SWIFT_OPTIMIZATION_LEVEL = "-O";
				VALIDATE_PRODUCT = YES;
			};
			name = Release;
		};
		2D325F7C285755AF002A08E6 /* Debug */ = {
			isa = XCBuildConfiguration;
			buildSettings = {
				ASSETCATALOG_COMPILER_APPICON_NAME = AppIcon;
				ASSETCATALOG_COMPILER_GLOBAL_ACCENT_COLOR_NAME = AccentColor;
				CODE_SIGN_STYLE = Automatic;
				CURRENT_PROJECT_VERSION = 1;
				DEVELOPMENT_ASSET_PATHS = "\"SmartHomeCodeAlong/Preview Content\"";
				DEVELOPMENT_TEAM = AXD599797J;
				ENABLE_PREVIEWS = YES;
				GENERATE_INFOPLIST_FILE = YES;
				INFOPLIST_KEY_UIApplicationSceneManifest_Generation = YES;
				INFOPLIST_KEY_UIApplicationSupportsIndirectInputEvents = YES;
				INFOPLIST_KEY_UILaunchScreen_Generation = YES;
				INFOPLIST_KEY_UISupportedInterfaceOrientations_iPad = "UIInterfaceOrientationPortrait UIInterfaceOrientationPortraitUpsideDown UIInterfaceOrientationLandscapeLeft UIInterfaceOrientationLandscapeRight";
				INFOPLIST_KEY_UISupportedInterfaceOrientations_iPhone = "UIInterfaceOrientationPortrait UIInterfaceOrientationLandscapeLeft UIInterfaceOrientationLandscapeRight";
				LD_RUNPATH_SEARCH_PATHS = (
					"$(inherited)",
					"@executable_path/Frameworks",
				);
				MARKETING_VERSION = 1.0;
				PRODUCT_BUNDLE_IDENTIFIER = "com.example.apple-samplecode.SmartHomeCodeAlong";
				PRODUCT_NAME = "$(TARGET_NAME)";
				SWIFT_EMIT_LOC_STRINGS = YES;
				SWIFT_VERSION = 5.0;
				TARGETED_DEVICE_FAMILY = "1,2";
			};
			name = Debug;
		};
		2D325F7D285755AF002A08E6 /* Release */ = {
			isa = XCBuildConfiguration;
			buildSettings = {
				ASSETCATALOG_COMPILER_APPICON_NAME = AppIcon;
				ASSETCATALOG_COMPILER_GLOBAL_ACCENT_COLOR_NAME = AccentColor;
				CODE_SIGN_STYLE = Automatic;
				CURRENT_PROJECT_VERSION = 1;
				DEVELOPMENT_ASSET_PATHS = "\"SmartHomeCodeAlong/Preview Content\"";
				DEVELOPMENT_TEAM = AXD599797J;
				ENABLE_PREVIEWS = YES;
				GENERATE_INFOPLIST_FILE = YES;
				INFOPLIST_KEY_UIApplicationSceneManifest_Generation = YES;
				INFOPLIST_KEY_UIApplicationSupportsIndirectInputEvents = YES;
				INFOPLIST_KEY_UILaunchScreen_Generation = YES;
				INFOPLIST_KEY_UISupportedInterfaceOrientations_iPad = "UIInterfaceOrientationPortrait UIInterfaceOrientationPortraitUpsideDown UIInterfaceOrientationLandscapeLeft UIInterfaceOrientationLandscapeRight";
				INFOPLIST_KEY_UISupportedInterfaceOrientations_iPhone = "UIInterfaceOrientationPortrait UIInterfaceOrientationLandscapeLeft UIInterfaceOrientationLandscapeRight";
				LD_RUNPATH_SEARCH_PATHS = (
					"$(inherited)",
					"@executable_path/Frameworks",
				);
				MARKETING_VERSION = 1.0;
				PRODUCT_BUNDLE_IDENTIFIER = "com.example.apple-samplecode.SmartHomeCodeAlong";
				PRODUCT_NAME = "$(TARGET_NAME)";
				SWIFT_EMIT_LOC_STRINGS = YES;
				SWIFT_VERSION = 5.0;
				TARGETED_DEVICE_FAMILY = "1,2";
			};
			name = Release;
		};
		2D325F7F285755AF002A08E6 /* Debug */ = {
			isa = XCBuildConfiguration;
			buildSettings = {
				ALWAYS_EMBED_SWIFT_STANDARD_LIBRARIES = YES;
				BUNDLE_LOADER = "$(TEST_HOST)";
				CODE_SIGN_STYLE = Automatic;
				CURRENT_PROJECT_VERSION = 1;
				DEVELOPMENT_TEAM = AXD599797J;
				GENERATE_INFOPLIST_FILE = YES;
				IPHONEOS_DEPLOYMENT_TARGET = 15.5;
				MARKETING_VERSION = 1.0;
				PRODUCT_BUNDLE_IDENTIFIER = "com.example.apple-samplecode.SmartHomeCodeAlongTests";
				PRODUCT_NAME = "$(TARGET_NAME)";
				SWIFT_EMIT_LOC_STRINGS = NO;
				SWIFT_VERSION = 5.0;
				TARGETED_DEVICE_FAMILY = "1,2";
				TEST_HOST = "$(BUILT_PRODUCTS_DIR)/SmartHomeCodeAlong.app/SmartHomeCodeAlong";
			};
			name = Debug;
		};
		2D325F80285755AF002A08E6 /* Release */ = {
			isa = XCBuildConfiguration;
			buildSettings = {
				ALWAYS_EMBED_SWIFT_STANDARD_LIBRARIES = YES;
				BUNDLE_LOADER = "$(TEST_HOST)";
				CODE_SIGN_STYLE = Automatic;
				CURRENT_PROJECT_VERSION = 1;
				DEVELOPMENT_TEAM = AXD599797J;
				GENERATE_INFOPLIST_FILE = YES;
				IPHONEOS_DEPLOYMENT_TARGET = 15.5;
				MARKETING_VERSION = 1.0;
				PRODUCT_BUNDLE_IDENTIFIER = "com.example.apple-samplecode.SmartHomeCodeAlongTests";
				PRODUCT_NAME = "$(TARGET_NAME)";
				SWIFT_EMIT_LOC_STRINGS = NO;
				SWIFT_VERSION = 5.0;
				TARGETED_DEVICE_FAMILY = "1,2";
				TEST_HOST = "$(BUILT_PRODUCTS_DIR)/SmartHomeCodeAlong.app/SmartHomeCodeAlong";
			};
			name = Release;
		};
		2D325F82285755AF002A08E6 /* Debug */ = {
			isa = XCBuildConfiguration;
			buildSettings = {
				ALWAYS_EMBED_SWIFT_STANDARD_LIBRARIES = YES;
				CODE_SIGN_STYLE = Automatic;
				CURRENT_PROJECT_VERSION = 1;
				DEVELOPMENT_TEAM = AXD599797J;
				GENERATE_INFOPLIST_FILE = YES;
				MARKETING_VERSION = 1.0;
				PRODUCT_BUNDLE_IDENTIFIER = "com.example.apple-samplecode.SmartHomeCodeAlongUITests";
				PRODUCT_NAME = "$(TARGET_NAME)";
				SWIFT_EMIT_LOC_STRINGS = NO;
				SWIFT_VERSION = 5.0;
				TARGETED_DEVICE_FAMILY = "1,2";
				TEST_TARGET_NAME = SmartHomeCodeAlong;
			};
			name = Debug;
		};
		2D325F83285755AF002A08E6 /* Release */ = {
			isa = XCBuildConfiguration;
			buildSettings = {
				ALWAYS_EMBED_SWIFT_STANDARD_LIBRARIES = YES;
				CODE_SIGN_STYLE = Automatic;
				CURRENT_PROJECT_VERSION = 1;
				DEVELOPMENT_TEAM = AXD599797J;
				GENERATE_INFOPLIST_FILE = YES;
				MARKETING_VERSION = 1.0;
				PRODUCT_BUNDLE_IDENTIFIER = "com.example.apple-samplecode.SmartHomeCodeAlongUITests";
				PRODUCT_NAME = "$(TARGET_NAME)";
				SWIFT_EMIT_LOC_STRINGS = NO;
				SWIFT_VERSION = 5.0;
				TARGETED_DEVICE_FAMILY = "1,2";
				TEST_TARGET_NAME = SmartHomeCodeAlong;
			};
			name = Release;
		};
/* End XCBuildConfiguration section */

/* Begin XCConfigurationList section */
		2D325F52285755AD002A08E6 /* Build configuration list for PBXProject "SmartHomeCodeAlong" */ = {
			isa = XCConfigurationList;
			buildConfigurations = (
				2D325F79285755AF002A08E6 /* Debug */,
				2D325F7A285755AF002A08E6 /* Release */,
			);
			defaultConfigurationIsVisible = 0;
			defaultConfigurationName = Release;
		};
		2D325F7B285755AF002A08E6 /* Build configuration list for PBXNativeTarget "SmartHomeCodeAlong" */ = {
			isa = XCConfigurationList;
			buildConfigurations = (
				2D325F7C285755AF002A08E6 /* Debug */,
				2D325F7D285755AF002A08E6 /* Release */,
			);
			defaultConfigurationIsVisible = 0;
			defaultConfigurationName = Release;
		};
		2D325F7E285755AF002A08E6 /* Build configuration list for PBXNativeTarget "SmartHomeCodeAlongTests" */ = {
			isa = XCConfigurationList;
			buildConfigurations = (
				2D325F7F285755AF002A08E6 /* Debug */,
				2D325F80285755AF002A08E6 /* Release */,
			);
			defaultConfigurationIsVisible = 0;
			defaultConfigurationName = Release;
		};
		2D325F81285755AF002A08E6 /* Build configuration list for PBXNativeTarget "SmartHomeCodeAlongUITests" */ = {
			isa = XCConfigurationList;
			buildConfigurations = (
				2D325F82285755AF002A08E6 /* Debug */,
				2D325F83285755AF002A08E6 /* Release */,
			);
			defaultConfigurationIsVisible = 0;
			defaultConfigurationName = Release;
		};
/* End XCConfigurationList section */
	};
	rootObject = 2D325F4F285755AD002A08E6 /* Project object */;
}
